
Microsoft Visual Studio Solution File, Format Version 12.00
# Visual Studio Version 17
VisualStudioVersion = 17.14.37216.2 d17.14
MinimumVisualStudioVersion = 10.0.40219.1
Project("{2150E333-8FDC-42A3-9474-1A3956D46DE8}") = "src", "src", "{02EA681E-C7D8-13C7-8484-4AC65E1B71E8}"
EndProject
Project("{2150E333-8FDC-42A3-9474-1A3956D46DE8}") = "services", "services", "{45DFB4A5-6903-4198-80CC-437F5AC70699}"
EndProject
Project("{2150E333-8FDC-42A3-9474-1A3956D46DE8}") = "catalog", "catalog", "{E659067B-9EED-4932-8CFF-6F1D89C30E3B}"
EndProject
Project("{FAE04EC0-301F-11D3-BF4B-00C04F79EFBC}") = "CourseSelling.Catalog.Api", "CourseSelling.Catalog.Api\CourseSelling.Catalog.Api.csproj", "{F9CC4A2D-F48E-4855-BBDA-730EFBE8A838}"
EndProject
Project("{E53339B2-1760-4266-BCC7-CA923CBCF16C}") = "docker-compose", "docker-compose.dcproj", "{81DDED9D-158B-E303-5F62-77A2896D2A5A}"
EndProject
Global
	GlobalSection(SolutionConfigurationPlatforms) = preSolution
		Debug|Any CPU = Debug|Any CPU
		Release|Any CPU = Release|Any CPU
	EndGlobalSection
	GlobalSection(ProjectConfigurationPlatforms) = postSolution
		{F9CC4A2D-F48E-4855-BBDA-730EFBE8A838}.Debug|Any CPU.ActiveCfg = Debug|Any CPU
		{F9CC4A2D-F48E-4855-BBDA-730EFBE8A838}.Debug|Any CPU.Build.0 = Debug|Any CPU
		{F9CC4A2D-F48E-4855-BBDA-730EFBE8A838}.Release|Any CPU.ActiveCfg = Release|Any CPU
		{F9CC4A2D-F48E-4855-BBDA-730EFBE8A838}.Release|Any CPU.Build.0 = Release|Any CPU
		{81DDED9D-158B-E303-5F62-77A2896D2A5A}.Debug|Any CPU.ActiveCfg = Debug|Any CPU
		{81DDED9D-158B-E303-5F62-77A2896D2A5A}.Debug|Any CPU.Build.0 = Debug|Any CPU
		{81DDED9D-158B-E303-5F62-77A2896D2A5A}.Release|Any CPU.ActiveCfg = Release|Any CPU
		{81DDED9D-158B-E303-5F62-77A2896D2A5A}.Release|Any CPU.Build.0 = Release|Any CPU
	EndGlobalSection
	GlobalSection(SolutionProperties) = preSolution
		HideSolutionNode = FALSE
	EndGlobalSection
	GlobalSection(NestedProjects) = preSolution
		{45DFB4A5-6903-4198-80CC-437F5AC70699} = {02EA681E-C7D8-13C7-8484-4AC65E1B71E8}
		{E659067B-9EED-4932-8CFF-6F1D89C30E3B} = {45DFB4A5-6903-4198-80CC-437F5AC70699}
		{F9CC4A2D-F48E-4855-BBDA-730EFBE8A838} = {E659067B-9EED-4932-8CFF-6F1D89C30E3B}
	EndGlobalSection
	GlobalSection(ExtensibilityGlobals) = postSolution
		SolutionGuid = {64CDFF16-7664-4B79-A3B9-2590F5453A86}
	EndGlobalSection
EndGlobal
